// !$*UTF8*$!
{
	archiveVersion = 1;
	classes = {
	};
	objectVersion = 46;
	objects = {

/* Begin PBXBuildFile section */
		40FA250C199B396300CEDB22 /* AppDelegate.swift in Sources */ = {isa = PBXBuildFile; fileRef = 40FA250B199B396300CEDB22 /* AppDelegate.swift */; };
		40FA250E199B396300CEDB22 /* ViewController.swift in Sources */ = {isa = PBXBuildFile; fileRef = 40FA250D199B396300CEDB22 /* ViewController.swift */; };
		40FA2511199B396300CEDB22 /* Main.storyboard in Resources */ = {isa = PBXBuildFile; fileRef = 40FA250F199B396300CEDB22 /* Main.storyboard */; };
		40FA2513199B396300CEDB22 /* Images.xcassets in Resources */ = {isa = PBXBuildFile; fileRef = 40FA2512199B396300CEDB22 /* Images.xcassets */; };
		40FA251F199B396300CEDB22 /* SwiftMPMediaPickerSampleTests.swift in Sources */ = {isa = PBXBuildFile; fileRef = 40FA251E199B396300CEDB22 /* SwiftMPMediaPickerSampleTests.swift */; };
/* End PBXBuildFile section */

/* Begin PBXContainerItemProxy section */
		40FA2519199B396300CEDB22 /* PBXContainerItemProxy */ = {
			isa = PBXContainerItemProxy;
			containerPortal = 40FA24FE199B396300CEDB22 /* Project object */;
			proxyType = 1;
			remoteGlobalIDString = 40FA2505199B396300CEDB22;
			remoteInfo = SwiftMPMediaPickerSample;
		};
/* End PBXContainerItemProxy section */

/* Begin PBXFileReference section */
		40FA2506199B396300CEDB22 /* SwiftMPMediaPickerSample.app */ = {isa = PBXFileReference; explicitFileType = wrapper.application; includeInIndex = 0; path = SwiftMPMediaPickerSample.app; sourceTree = BUILT_PRODUCTS_DIR; };
		40FA250A199B396300CEDB22 /* Info.plist */ = {isa = PBXFileReference; lastKnownFileType = text.plist.xml; path = Info.plist; sourceTree = "<group>"; };
		40FA250B199B396300CEDB22 /* AppDelegate.swift */ = {isa = PBXFileReference; lastKnownFileType = sourcecode.swift; path = AppDelegate.swift; sourceTree = "<group>"; };
		40FA250D199B396300CEDB22 /* ViewController.swift */ = {isa = PBXFileReference; lastKnownFileType = sourcecode.swift; path = ViewController.swift; sourceTree = "<group>"; };
		40FA2510199B396300CEDB22 /* Base */ = {isa = PBXFileReference; lastKnownFileType = file.storyboard; name = Base; path = Base.lproj/Main.storyboard; sourceTree = "<group>"; };
		40FA2512199B396300CEDB22 /* Images.xcassets */ = {isa = PBXFileReference; lastKnownFileType = folder.assetcatalog; path = Images.xcassets; sourceTree = "<group>"; };
		40FA2518199B396300CEDB22 /* SwiftMPMediaPickerSampleTests.xctest */ = {isa = PBXFileReference; explicitFileType = wrapper.cfbundle; includeInIndex = 0; path = SwiftMPMediaPickerSampleTests.xctest; sourceTree = BUILT_PRODUCTS_DIR; };
		40FA251D199B396300CEDB22 /* Info.plist */ = {isa = PBXFileReference; lastKnownFileType = text.plist.xml; path = Info.plist; sourceTree = "<group>"; };
		40FA251E199B396300CEDB22 /* SwiftMPMediaPickerSampleTests.swift */ = {isa = PBXFileReference; lastKnownFileType = sourcecode.swift; path = SwiftMPMediaPickerSampleTests.swift; sourceTree = "<group>"; };
/* End PBXFileReference section */

/* Begin PBXFrameworksBuildPhase section */
		40FA2503199B396300CEDB22 /* Frameworks */ = {
			isa = PBXFrameworksBuildPhase;
			buildActionMask = 2147483647;
			files = (
			);
			runOnlyForDeploymentPostprocessing = 0;
		};
		40FA2515199B396300CEDB22 /* Frameworks */ = {
			isa = PBXFrameworksBuildPhase;
			buildActionMask = 2147483647;
			files = (
			);
			runOnlyForDeploymentPostprocessing = 0;
		};
/* End PBXFrameworksBuildPhase section */

/* Begin PBXGroup section */
		40FA24FD199B396300CEDB22 = {
			isa = PBXGroup;
			children = (
				40FA2508199B396300CEDB22 /* SwiftMPMediaPickerSample */,
				40FA251B199B396300CEDB22 /* SwiftMPMediaPickerSampleTests */,
				40FA2507199B396300CEDB22 /* Products */,
			);
			sourceTree = "<group>";
		};
		40FA2507199B396300CEDB22 /* Products */ = {
			isa = PBXGroup;
			children = (
				40FA2506199B396300CEDB22 /* SwiftMPMediaPickerSample.app */,
				40FA2518199B396300CEDB22 /* SwiftMPMediaPickerSampleTests.xctest */,
			);
			name = Products;
			sourceTree = "<group>";
		};
		40FA2508199B396300CEDB22 /* SwiftMPMediaPickerSample */ = {
			isa = PBXGroup;
			children = (
				40FA250B199B396300CEDB22 /* AppDelegate.swift */,
				40FA250D199B396300CEDB22 /* ViewController.swift */,
				40FA250F199B396300CEDB22 /* Main.storyboard */,
				40FA2512199B396300CEDB22 /* Images.xcassets */,
				40FA2509199B396300CEDB22 /* Supporting Files */,
			);
			path = SwiftMPMediaPickerSample;
			sourceTree = "<group>";
		};
		40FA2509199B396300CEDB22 /* Supporting Files */ = {
			isa = PBXGroup;
			children = (
				40FA250A199B396300CEDB22 /* Info.plist */,
			);
			name = "Supporting Files";
			sourceTree = "<group>";
		};
		40FA251B199B396300CEDB22 /* SwiftMPMediaPickerSampleTests */ = {
			isa = PBXGroup;
			children = (
				40FA251E199B396300CEDB22 /* SwiftMPMediaPickerSampleTests.swift */,
				40FA251C199B396300CEDB22 /* Supporting Files */,
			);
			path = SwiftMPMediaPickerSampleTests;
			sourceTree = "<group>";
		};
		40FA251C199B396300CEDB22 /* Supporting Files */ = {
			isa = PBXGroup;
			children = (
				40FA251D199B396300CEDB22 /* Info.plist */,
			);
			name = "Supporting Files";
			sourceTree = "<group>";
		};
/* End PBXGroup section */

/* Begin PBXNativeTarget section */
		40FA2505199B396300CEDB22 /* SwiftMPMediaPickerSample */ = {
			isa = PBXNativeTarget;
			buildConfigurationList = 40FA2522199B396300CEDB22 /* Build configuration list for PBXNativeTarget "SwiftMPMediaPickerSample" */;
			buildPhases = (
				40FA2502199B396300CEDB22 /* Sources */,
				40FA2503199B396300CEDB22 /* Frameworks */,
				40FA2504199B396300CEDB22 /* Resources */,
			);
			buildRules = (
			);
			dependencies = (
			);
			name = SwiftMPMediaPickerSample;
			productName = SwiftMPMediaPickerSample;
			productReference = 40FA2506199B396300CEDB22 /* SwiftMPMediaPickerSample.app */;
			productType = "com.apple.product-type.application";
		};
		40FA2517199B396300CEDB22 /* SwiftMPMediaPickerSampleTests */ = {
			isa = PBXNativeTarget;
			buildConfigurationList = 40FA2525199B396300CEDB22 /* Build configuration list for PBXNativeTarget "SwiftMPMediaPickerSampleTests" */;
			buildPhases = (
				40FA2514199B396300CEDB22 /* Sources */,
				40FA2515199B396300CEDB22 /* Frameworks */,
				40FA2516199B396300CEDB22 /* Resources */,
			);
			buildRules = (
			);
			dependencies = (
				40FA251A199B396300CEDB22 /* PBXTargetDependency */,
			);
			name = SwiftMPMediaPickerSampleTests;
			productName = SwiftMPMediaPickerSampleTests;
			productReference = 40FA2518199B396300CEDB22 /* SwiftMPMediaPickerSampleTests.xctest */;
			productType = "com.apple.product-type.bundle.unit-test";
		};
/* End PBXNativeTarget section */

/* Begin PBXProject section */
		40FA24FE199B396300CEDB22 /* Project object */ = {
			isa = PBXProject;
			attributes = {
				LastUpgradeCheck = 0600;
				ORGANIZATIONNAME = Tempus.ORG;
				TargetAttributes = {
					40FA2505199B396300CEDB22 = {
						CreatedOnToolsVersion = 6.0;
					};
					40FA2517199B396300CEDB22 = {
						CreatedOnToolsVersion = 6.0;
						TestTargetID = 40FA2505199B396300CEDB22;
					};
				};
			};
			buildConfigurationList = 40FA2501199B396300CEDB22 /* Build configuration list for PBXProject "SwiftMPMediaPickerSample" */;
			compatibilityVersion = "Xcode 3.2";
			developmentRegion = English;
			hasScannedForEncodings = 0;
			knownRegions = (
				en,
				Base,
			);
			mainGroup = 40FA24FD199B396300CEDB22;
			productRefGroup = 40FA2507199B396300CEDB22 /* Products */;
			projectDirPath = "";
			projectRoot = "";
			targets = (
				40FA2505199B396300CEDB22 /* SwiftMPMediaPickerSample */,
				40FA2517199B396300CEDB22 /* SwiftMPMediaPickerSampleTests */,
			);
		};
/* End PBXProject section */

/* Begin PBXResourcesBuildPhase section */
		40FA2504199B396300CEDB22 /* Resources */ = {
			isa = PBXResourcesBuildPhase;
			buildActionMask = 2147483647;
			files = (
				40FA2511199B396300CEDB22 /* Main.storyboard in Resources */,
				40FA2513199B396300CEDB22 /* Images.xcassets in Resources */,
			);
			runOnlyForDeploymentPostprocessing = 0;
		};
		40FA2516199B396300CEDB22 /* Resources */ = {
			isa = PBXResourcesBuildPhase;
			buildActionMask = 2147483647;
			files = (
			);
			runOnlyForDeploymentPostprocessing = 0;
		};
/* End PBXResourcesBuildPhase section */

/* Begin PBXSourcesBuildPhase section */
		40FA2502199B396300CEDB22 /* Sources */ = {
			isa = PBXSourcesBuildPhase;
			buildActionMask = 2147483647;
			files = (
				40FA250E199B396300CEDB22 /* ViewController.swift in Sources */,
				40FA250C199B396300CEDB22 /* AppDelegate.swift in Sources */,
			);
			runOnlyForDeploymentPostprocessing = 0;
		};
		40FA2514199B396300CEDB22 /* Sources */ = {
			isa = PBXSourcesBuildPhase;
			buildActionMask = 2147483647;
			files = (
				40FA251F199B396300CEDB22 /* SwiftMPMediaPickerSampleTests.swift in Sources */,
			);
			runOnlyForDeploymentPostprocessing = 0;
		};
/* End PBXSourcesBuildPhase section */

/* Begin PBXTargetDependency section */
		40FA251A199B396300CEDB22 /* PBXTargetDependency */ = {
			isa = PBXTargetDependency;
			target = 40FA2505199B396300CEDB22 /* SwiftMPMediaPickerSample */;
			targetProxy = 40FA2519199B396300CEDB22 /* PBXContainerItemProxy */;
		};
/* End PBXTargetDependency section */

/* Begin PBXVariantGroup section */
		40FA250F199B396300CEDB22 /* Main.storyboard */ = {
			isa = PBXVariantGroup;
			children = (
				40FA2510199B396300CEDB22 /* Base */,
			);
			name = Main.storyboard;
			sourceTree = "<group>";
		};
/* End PBXVariantGroup section */

/* Begin XCBuildConfiguration section */
		40FA2520199B396300CEDB22 /* Debug */ = {
			isa = XCBuildConfiguration;
			buildSettings = {
				ALWAYS_SEARCH_USER_PATHS = NO;
				CLANG_CXX_LANGUAGE_STANDARD = "gnu++0x";
				CLANG_CXX_LIBRARY = "libc++";
				CLANG_ENABLE_MODULES = YES;
				CLANG_ENABLE_OBJC_ARC = YES;
				CLANG_WARN_BOOL_CONVERSION = YES;
				CLANG_WARN_CONSTANT_CONVERSION = YES;
				CLANG_WARN_DIRECT_OBJC_ISA_USAGE = YES_ERROR;
				CLANG_WARN_EMPTY_BODY = YES;
				CLANG_WARN_ENUM_CONVERSION = YES;
				CLANG_WARN_INT_CONVERSION = YES;
				CLANG_WARN_OBJC_ROOT_CLASS = YES_ERROR;
				CLANG_WARN_UNREACHABLE_CODE = YES;
				CLANG_WARN__DUPLICATE_METHOD_MATCH = YES;
				"CODE_SIGN_IDENTITY[sdk=iphoneos*]" = "iPhone Developer";
				COPY_PHASE_STRIP = NO;
				ENABLE_STRICT_OBJC_MSGSEND = YES;
				GCC_C_LANGUAGE_STANDARD = gnu99;
				GCC_DYNAMIC_NO_PIC = NO;
				GCC_OPTIMIZATION_LEVEL = 0;
				GCC_PREPROCESSOR_DEFINITIONS = (
					"DEBUG=1",
					"$(inherited)",
				);
				GCC_SYMBOLS_PRIVATE_EXTERN = NO;
				GCC_WARN_64_TO_32_BIT_CONVERSION = YES;
				GCC_WARN_ABOUT_RETURN_TYPE = YES_ERROR;
				GCC_WARN_UNDECLARED_SELECTOR = YES;
				GCC_WARN_UNINITIALIZED_AUTOS = YES_AGGRESSIVE;
				GCC_WARN_UNUSED_FUNCTION = YES;
				GCC_WARN_UNUSED_VARIABLE = YES;
				IPHONEOS_DEPLOYMENT_TARGET = 8.0;
				MTL_ENABLE_DEBUG_INFO = YES;
				ONLY_ACTIVE_ARCH = YES;
				SDKROOT = iphoneos;
				SWIFT_OPTIMIZATION_LEVEL = "-Onone";
			};
			name = Debug;
		};
		40FA2521199B396300CEDB22 /* Release */ = {
			isa = XCBuildConfiguration;
			buildSettings = {
				ALWAYS_SEARCH_USER_PATHS = NO;
				CLANG_CXX_LANGUAGE_STANDARD = "gnu++0x";
				CLANG_CXX_LIBRARY = "libc++";
				CLANG_ENABLE_MODULES = YES;
				CLANG_ENABLE_OBJC_ARC = YES;
				CLANG_WARN_BOOL_CONVERSION = YES;
				CLANG_WARN_CONSTANT_CONVERSION = YES;
				CLANG_WARN_DIRECT_OBJC_ISA_USAGE = YES_ERROR;
				CLANG_WARN_EMPTY_BODY = YES;
				CLANG_WARN_ENUM_CONVERSION = YES;
				CLANG_WARN_INT_CONVERSION = YES;
				CLANG_WARN_OBJC_ROOT_CLASS = YES_ERROR;
				CLANG_WARN_UNREACHABLE_CODE = YES;
				CLANG_WARN__DUPLICATE_METHOD_MATCH = YES;
				"CODE_SIGN_IDENTITY[sdk=iphoneos*]" = "iPhone Developer";
				COPY_PHASE_STRIP = YES;
				ENABLE_NS_ASSERTIONS = NO;
				ENABLE_STRICT_OBJC_MSGSEND = YES;
				GCC_C_LANGUAGE_STANDARD = gnu99;
				GCC_WARN_64_TO_32_BIT_CONVERSION = YES;
				GCC_WARN_ABOUT_RETURN_TYPE = YES_ERROR;
				GCC_WARN_UNDECLARED_SELECTOR = YES;
				GCC_WARN_UNINITIALIZED_AUTOS = YES_AGGRESSIVE;
				GCC_WARN_UNUSED_FUNCTION = YES;
				GCC_WARN_UNUSED_VARIABLE = YES;
				IPHONEOS_DEPLOYMENT_TARGET = 8.0;
				MTL_ENABLE_DEBUG_INFO = NO;
				SDKROOT = iphoneos;
				VALIDATE_PRODUCT = YES;
			};
			name = Release;
		};
		40FA2523199B396300CEDB22 /* Debug */ = {
			isa = XCBuildConfiguration;
			buildSettings = {
				ASSETCATALOG_COMPILER_APPICON_NAME = AppIcon;
				ASSETCATALOG_COMPILER_LAUNCHIMAGE_NAME = LaunchImage;
				INFOPLIST_FILE = SwiftMPMediaPickerSample/Info.plist;
				IPHONEOS_DEPLOYMENT_TARGET = 7.1;
				LD_RUNPATH_SEARCH_PATHS = "$(inherited) @executable_path/Frameworks";
				PRODUCT_NAME = "$(TARGET_NAME)";
			};
			name = Debug;
		};
		40FA2524199B396300CEDB22 /* Release */ = {
			isa = XCBuildConfiguration;
			buildSettings = {
				ASSETCATALOG_COMPILER_APPICON_NAME = AppIcon;
				ASSETCATALOG_COMPILER_LAUNCHIMAGE_NAME = LaunchImage;
				INFOPLIST_FILE = SwiftMPMediaPickerSample/Info.plist;
				IPHONEOS_DEPLOYMENT_TARGET = 7.1;
				LD_RUNPATH_SEARCH_PATHS = "$(inherited) @executable_path/Frameworks";
				PRODUCT_NAME = "$(TARGET_NAME)";
			};
			name = Release;
		};
		40FA2526199B396300CEDB22 /* Debug */ = {
			isa = XCBuildConfiguration;
			buildSettings = {
				BUNDLE_LOADER = "$(TEST_HOST)";
				FRAMEWORK_SEARCH_PATHS = (
					"$(SDKROOT)/Developer/Library/Frameworks",
					"$(inherited)",
				);
				GCC_PREPROCESSOR_DEFINITIONS = (
					"DEBUG=1",
					"$(inherited)",
				);
				INFOPLIST_FILE = SwiftMPMediaPickerSampleTests/Info.plist;
				LD_RUNPATH_SEARCH_PATHS = "$(inherited) @executable_path/Frameworks @loader_path/Frameworks";
				PRODUCT_NAME = "$(TARGET_NAME)";
				TEST_HOST = "$(BUILT_PRODUCTS_DIR)/SwiftMPMediaPickerSample.app/SwiftMPMediaPickerSample";
			};
			name = Debug;
		};
		40FA2527199B396300CEDB22 /* Release */ = {
			isa = XCBuildConfiguration;
			buildSettings = {
				BUNDLE_LOADER = "$(TEST_HOST)";
				FRAMEWORK_SEARCH_PATHS = (
					"$(SDKROOT)/Developer/Library/Frameworks",
					"$(inherited)",
				);
				INFOPLIST_FILE = SwiftMPMediaPickerSampleTests/Info.plist;
				LD_RUNPATH_SEARCH_PATHS = "$(inherited) @executable_path/Frameworks @loader_path/Frameworks";
				PRODUCT_NAME = "$(TARGET_NAME)";
				TEST_HOST = "$(BUILT_PRODUCTS_DIR)/SwiftMPMediaPickerSample.app/SwiftMPMediaPickerSample";
			};
			name = Release;
		};
/* End XCBuildConfiguration section */

/* Begin XCConfigurationList section */
		40FA2501199B396300CEDB22 /* Build configuration list for PBXProject "SwiftMPMediaPickerSample" */ = {
			isa = XCConfigurationList;
			buildConfigurations = (
				40FA2520199B396300CEDB22 /* Debug */,
				40FA2521199B396300CEDB22 /* Release */,
			);
			defaultConfigurationIsVisible = 0;
			defaultConfigurationName = Release;
		};
		40FA2522199B396300CEDB22 /* Build configuration list for PBXNativeTarget "SwiftMPMediaPickerSample" */ = {
			isa = XCConfigurationList;
			buildConfigurations = (
				40FA2523199B396300CEDB22 /* Debug */,
				40FA2524199B396300CEDB22 /* Release */,
			);
			defaultConfigurationIsVisible = 0;
			defaultConfigurationName = Release;
		};
		40FA2525199B396300CEDB22 /* Build configuration list for PBXNativeTarget "SwiftMPMediaPickerSampleTests" */ = {
			isa = XCConfigurationList;
			buildConfigurations = (
				40FA2526199B396300CEDB22 /* Debug */,
				40FA2527199B396300CEDB22 /* Release */,
			);
			defaultConfigurationIsVisible = 0;
			defaultConfigurationName = Release;
		};
/* End XCConfigurationList section */
	};
	rootObject = 40FA24FE199B396300CEDB22 /* Project object */;
}
